{
  "name": "LOV",
  "lockfileVersion": 3,
  "requires": true,
  "packages": {
    "": {
      "dependencies": {
        "@transcribe/transcriber": "^3.0.0"
      }
    },
    "node_modules/@transcribe/shout": {
      "version": "1.0.6",
      "resolved": "https://registry.npmjs.org/@transcribe/shout/-/shout-1.0.6.tgz",
      "integrity": "sha512-/CiHzeUMygtpjZ1OUonUzE8gYsIyF0dD2uFDe5dfEOTFkU5GCZsEKsE/+QlF0T4d63dPgyceK0ooeP00HPKfBA==",
      "funding": [
        {
          "type": "Github",
          "url": "https://github.com/sponsors/thurti"
        },
        {
          "type": "Ko-fi",
          "url": "https://ko-fi.com/thurti"
        },
        {
          "type": "Buy Me A Coffee",
          "url": "https://buymeacoffee.com/thurti"
        }
      ],
      "license": "MIT",
      "peer": true
    },
    "node_modules/@transcribe/transcriber": {
      "version": "3.0.0",
      "resolved": "https://registry.npmjs.org/@transcribe/transcriber/-/transcriber-3.0.0.tgz",
      "integrity": "sha512-sLFYRWDgcUhvinyHsjv6du7rIG4/kmKTFQvxswJKFhSVT+S9zLtKasQacjyo3XAcJ9kLFQB08Q8kxDYbDbSEvg==",
      "funding": [
        {
          "type": "Github",
          "url": "https://github.com/sponsors/thurti"
        },
        {
          "type": "Ko-fi",
          "url": "https://ko-fi.com/thurti"
        },
        {
          "type": "Buy Me A Coffee",
          "url": "https://buymeacoffee.com/thurti"
        }
      ],
      "license": "MIT",
      "peerDependencies": {
        "@transcribe/shout": "~1.0.6"
      }
    }
  }
}
